
Microsoft Visual Studio Solution File, Format Version 12.00
# Visual Studio Version 16
VisualStudioVersion = 25.0.1704.2
MinimumVisualStudioVersion = 10.0.40219.1
Project("{FAE04EC0-301F-11D3-BF4B-00C04F79EFBC}") = "ThumbnailPicker", "ThumbnailPicker\ThumbnailPicker.csproj", "{67EA046F-4DF3-4BB7-8179-4B5200DCBA41}"
EndProject
Global
	GlobalSection(SolutionConfigurationPlatforms) = preSolution
		Debug|Any CPU = Debug|Any CPU
		Release|Any CPU = Release|Any CPU
	EndGlobalSection
	GlobalSection(ProjectConfigurationPlatforms) = postSolution
		{67EA046F-4DF3-4BB7-8179-4B5200DCBA41}.Debug|Any CPU.ActiveCfg = Debug|Any CPU
		{67EA046F-4DF3-4BB7-8179-4B5200DCBA41}.Debug|Any CPU.Build.0 = Debug|Any CPU
		{67EA046F-4DF3-4BB7-8179-4B5200DCBA41}.Release|Any CPU.ActiveCfg = Release|Any CPU
		{67EA046F-4DF3-4BB7-8179-4B5200DCBA41}.Release|Any CPU.Build.0 = Release|Any CPU
	EndGlobalSection
	GlobalSection(SolutionProperties) = preSolution
		HideSolutionNode = FALSE
	EndGlobalSection
	GlobalSection(ExtensibilityGlobals) = postSolution
		SolutionGuid = {39710354-2CBC-4B47-A9AB-DBD3BD3CFBFF}
	EndGlobalSection
EndGlobal
